
Microsoft Visual Studio Solution File, Format Version 12.00
# Visual Studio Version 16
VisualStudioVersion = 16.0.29613.14
MinimumVisualStudioVersion = 10.0.40219.1
Project("{FAE04EC0-301F-11D3-BF4B-00C04F79EFBC}") = "Sol_TagHelper_Movie_Cart", "Sol_TagHelper_Movie_Cart\Sol_TagHelper_Movie_Cart.csproj", "{E9AB46DE-78B5-4DD8-965C-FBA88C131187}"
EndProject
Global
	GlobalSection(SolutionConfigurationPlatforms) = preSolution
		Debug|Any CPU = Debug|Any CPU
		Release|Any CPU = Release|Any CPU
	EndGlobalSection
	GlobalSection(ProjectConfigurationPlatforms) = postSolution
		{E9AB46DE-78B5-4DD8-965C-FBA88C131187}.Debug|Any CPU.ActiveCfg = Debug|Any CPU
		{E9AB46DE-78B5-4DD8-965C-FBA88C131187}.Debug|Any CPU.Build.0 = Debug|Any CPU
		{E9AB46DE-78B5-4DD8-965C-FBA88C131187}.Release|Any CPU.ActiveCfg = Release|Any CPU
		{E9AB46DE-78B5-4DD8-965C-FBA88C131187}.Release|Any CPU.Build.0 = Release|Any CPU
	EndGlobalSection
	GlobalSection(SolutionProperties) = preSolution
		HideSolutionNode = FALSE
	EndGlobalSection
	GlobalSection(ExtensibilityGlobals) = postSolution
		SolutionGuid = {D8C1F026-4EFF-4B95-8D92-EC01A9B4606B}
	EndGlobalSection
EndGlobal
